
Microsoft Visual Studio Solution File, Format Version 12.00
# Visual Studio Version 17
VisualStudioVersion = 17.13.36105.23 d17.13
MinimumVisualStudioVersion = 10.0.40219.1
Project("{FAE04EC0-301F-11D3-BF4B-00C04F79EFBC}") = "Database_Exporter", "Database_Exporter.csproj", "{79E2C485-7788-4F86-A14A-656AD09876CE}"
EndProject
Global
	GlobalSection(SolutionConfigurationPlatforms) = preSolution
		Debug|Any CPU = Debug|Any CPU
		Release|Any CPU = Release|Any CPU
	EndGlobalSection
	GlobalSection(ProjectConfigurationPlatforms) = postSolution
		{79E2C485-7788-4F86-A14A-656AD09876CE}.Debug|Any CPU.ActiveCfg = Debug|Any CPU
		{79E2C485-7788-4F86-A14A-656AD09876CE}.Debug|Any CPU.Build.0 = Debug|Any CPU
		{79E2C485-7788-4F86-A14A-656AD09876CE}.Release|Any CPU.ActiveCfg = Release|Any CPU
		{79E2C485-7788-4F86-A14A-656AD09876CE}.Release|Any CPU.Build.0 = Release|Any CPU
	EndGlobalSection
	GlobalSection(SolutionProperties) = preSolution
		HideSolutionNode = FALSE
	EndGlobalSection
	GlobalSection(ExtensibilityGlobals) = postSolution
		SolutionGuid = {AA071AF9-878D-4E55-B968-760B29DB3BE9}
	EndGlobalSection
EndGlobal
